// !$*UTF8*$!
{
	archiveVersion = 1;
	classes = {
	};
	objectVersion = 77;
	objects = {

/* Begin PBXBuildFile section */
		923C2604300F44D9008EDA06 /* LandValueModel.mlmodel in Sources */ = {isa = PBXBuildFile; fileRef = 923C2603300F44D9008EDA06 /* LandValueModel.mlmodel */; };
		926BC931300FD69200EEC8E4 /* PredictionResult.swift in Sources */ = {isa = PBXBuildFile; fileRef = 926BC92E300FD69200EEC8E4 /* PredictionResult.swift */; };
		926BC932300FD69200EEC8E4 /* PropertyInput.swift in Sources */ = {isa = PBXBuildFile; fileRef = 926BC92F300FD69200EEC8E4 /* PropertyInput.swift */; };
		926BC933300FD69200EEC8E4 /* SavedEstimate.swift in Sources */ = {isa = PBXBuildFile; fileRef = 926BC930300FD69200EEC8E4 /* SavedEstimate.swift */; };
		926BC934300FD69200EEC8E4 /* FeatureImportance.swift in Sources */ = {isa = PBXBuildFile; fileRef = 926BC92D300FD69200EEC8E4 /* FeatureImportance.swift */; };
		926BC936300FD6C100EEC8E4 /* EstimatorViewModel.swift in Sources */ = {isa = PBXBuildFile; fileRef = 926BC935300FD6C100EEC8E4 /* EstimatorViewModel.swift */; };
		926BC93C300FD6FE00EEC8E4 /* EstimatorFormView.swift in Sources */ = {isa = PBXBuildFile; fileRef = 926BC937300FD6FE00EEC8E4 /* EstimatorFormView.swift */; };
		926BC93D300FD6FE00EEC8E4 /* FeatureImportanceChartView.swift in Sources */ = {isa = PBXBuildFile; fileRef = 926BC938300FD6FE00EEC8E4 /* FeatureImportanceChartView.swift */; };
		926BC93E300FD6FE00EEC8E4 /* HistoryView.swift in Sources */ = {isa = PBXBuildFile; fileRef = 926BC939300FD6FE00EEC8E4 /* HistoryView.swift */; };
		926BC93F300FD6FE00EEC8E4 /* ResultView.swift in Sources */ = {isa = PBXBuildFile; fileRef = 926BC93A300FD6FE00EEC8E4 /* ResultView.swift */; };
		926BC940300FD6FE00EEC8E4 /* RootTabView.swift in Sources */ = {isa = PBXBuildFile; fileRef = 926BC93B300FD6FE00EEC8E4 /* RootTabView.swift */; };
		926BC942300FD71B00EEC8E4 /* PredictionService.swift in Sources */ = {isa = PBXBuildFile; fileRef = 926BC941300FD71B00EEC8E4 /* PredictionService.swift */; };
		926BC944300FD72F00EEC8E4 /* LandValueEstimatorApp.swift in Sources */ = {isa = PBXBuildFile; fileRef = 926BC943300FD72F00EEC8E4 /* LandValueEstimatorApp.swift */; };
/* End PBXBuildFile section */

/* Begin PBXFileReference section */
		923C25EC300F427D008EDA06 /* LandValueEstimator.app */ = {isa = PBXFileReference; explicitFileType = wrapper.application; includeInIndex = 0; path = LandValueEstimator.app; sourceTree = BUILT_PRODUCTS_DIR; };
		923C2603300F44D9008EDA06 /* LandValueModel.mlmodel */ = {isa = PBXFileReference; lastKnownFileType = file.mlmodel; path = LandValueModel.mlmodel; sourceTree = "<group>"; };
		926BC92D300FD69200EEC8E4 /* FeatureImportance.swift */ = {isa = PBXFileReference; lastKnownFileType = sourcecode.swift; path = FeatureImportance.swift; sourceTree = "<group>"; };
		926BC92E300FD69200EEC8E4 /* PredictionResult.swift */ = {isa = PBXFileReference; lastKnownFileType = sourcecode.swift; path = PredictionResult.swift; sourceTree = "<group>"; };
		926BC92F300FD69200EEC8E4 /* PropertyInput.swift */ = {isa = PBXFileReference; lastKnownFileType = sourcecode.swift; path = PropertyInput.swift; sourceTree = "<group>"; };
		926BC930300FD69200EEC8E4 /* SavedEstimate.swift */ = {isa = PBXFileReference; lastKnownFileType = sourcecode.swift; path = SavedEstimate.swift; sourceTree = "<group>"; };
		926BC935300FD6C100EEC8E4 /* EstimatorViewModel.swift */ = {isa = PBXFileReference; lastKnownFileType = sourcecode.swift; path = EstimatorViewModel.swift; sourceTree = "<group>"; };
		926BC937300FD6FE00EEC8E4 /* EstimatorFormView.swift */ = {isa = PBXFileReference; lastKnownFileType = sourcecode.swift; path = EstimatorFormView.swift; sourceTree = "<group>"; };
		926BC938300FD6FE00EEC8E4 /* FeatureImportanceChartView.swift */ = {isa = PBXFileReference; lastKnownFileType = sourcecode.swift; path = FeatureImportanceChartView.swift; sourceTree = "<group>"; };
		926BC939300FD6FE00EEC8E4 /* HistoryView.swift */ = {isa = PBXFileReference; lastKnownFileType = sourcecode.swift; path = HistoryView.swift; sourceTree = "<group>"; };
		926BC93A300FD6FE00EEC8E4 /* ResultView.swift */ = {isa = PBXFileReference; lastKnownFileType = sourcecode.swift; path = ResultView.swift; sourceTree = "<group>"; };
		926BC93B300FD6FE00EEC8E4 /* RootTabView.swift */ = {isa = PBXFileReference; lastKnownFileType = sourcecode.swift; path = RootTabView.swift; sourceTree = "<group>"; };
		926BC941300FD71B00EEC8E4 /* PredictionService.swift */ = {isa = PBXFileReference; lastKnownFileType = sourcecode.swift; path = PredictionService.swift; sourceTree = "<group>"; };
		926BC943300FD72F00EEC8E4 /* LandValueEstimatorApp.swift */ = {isa = PBXFileReference; lastKnownFileType = sourcecode.swift; path = LandValueEstimatorApp.swift; sourceTree = "<group>"; };
/* End PBXFileReference section */

/* Begin PBXFrameworksBuildPhase section */
		923C25E9300F427D008EDA06 /* Frameworks */ = {
			isa = PBXFrameworksBuildPhase;
			buildActionMask = 2147483647;
			files = (
			);
			runOnlyForDeploymentPostprocessing = 0;
		};
/* End PBXFrameworksBuildPhase section */

/* Begin PBXGroup section */
		923C25E3300F427D008EDA06 = {
			isa = PBXGroup;
			children = (
				923C25FF300F4409008EDA06 /* Services */,
				923C25FE300F4403008EDA06 /* Views */,
				923C25FD300F43F5008EDA06 /* ViewModels */,
				923C25FC300F43E1008EDA06 /* Models */,
				923C25FB300F43CD008EDA06 /* App */,
				923C25ED300F427D008EDA06 /* Products */,
			);
			sourceTree = "<group>";
		};
		923C25ED300F427D008EDA06 /* Products */ = {
			isa = PBXGroup;
			children = (
				923C25EC300F427D008EDA06 /* LandValueEstimator.app */,
			);
			name = Products;
			sourceTree = "<group>";
		};
		923C25FB300F43CD008EDA06 /* App */ = {
			isa = PBXGroup;
			children = (
				926BC943300FD72F00EEC8E4 /* LandValueEstimatorApp.swift */,
			);
			path = App;
			sourceTree = "<group>";
		};
		923C25FC300F43E1008EDA06 /* Models */ = {
			isa = PBXGroup;
			children = (
				926BC92D300FD69200EEC8E4 /* FeatureImportance.swift */,
				926BC92E300FD69200EEC8E4 /* PredictionResult.swift */,
				926BC92F300FD69200EEC8E4 /* PropertyInput.swift */,
				926BC930300FD69200EEC8E4 /* SavedEstimate.swift */,
				923C2603300F44D9008EDA06 /* LandValueModel.mlmodel */,
			);
			path = Models;
			sourceTree = "<group>";
		};
		923C25FD300F43F5008EDA06 /* ViewModels */ = {
			isa = PBXGroup;
			children = (
				926BC935300FD6C100EEC8E4 /* EstimatorViewModel.swift */,
			);
			path = ViewModels;
			sourceTree = "<group>";
		};
		923C25FE300F4403008EDA06 /* Views */ = {
			isa = PBXGroup;
			children = (
				926BC937300FD6FE00EEC8E4 /* EstimatorFormView.swift */,
				926BC938300FD6FE00EEC8E4 /* FeatureImportanceChartView.swift */,
				926BC939300FD6FE00EEC8E4 /* HistoryView.swift */,
				926BC93A300FD6FE00EEC8E4 /* ResultView.swift */,
				926BC93B300FD6FE00EEC8E4 /* RootTabView.swift */,
			);
			path = Views;
			sourceTree = "<group>";
		};
		923C25FF300F4409008EDA06 /* Services */ = {
			isa = PBXGroup;
			children = (
				926BC941300FD71B00EEC8E4 /* PredictionService.swift */,
			);
			path = Services;
			sourceTree = "<group>";
		};
/* End PBXGroup section */

/* Begin PBXNativeTarget section */
		923C25EB300F427D008EDA06 /* LandValueEstimator */ = {
			isa = PBXNativeTarget;
			buildConfigurationList = 923C25F7300F427F008EDA06 /* Build configuration list for PBXNativeTarget "LandValueEstimator" */;
			buildPhases = (
				923C25E8300F427D008EDA06 /* Sources */,
				923C25E9300F427D008EDA06 /* Frameworks */,
				923C25EA300F427D008EDA06 /* Resources */,
			);
			buildRules = (
			);
			dependencies = (
			);
			name = LandValueEstimator;
			packageProductDependencies = (
			);
			productName = LandValueEstimator;
			productReference = 923C25EC300F427D008EDA06 /* LandValueEstimator.app */;
			productType = "com.apple.product-type.application";
		};
/* End PBXNativeTarget section */

/* Begin PBXProject section */
		923C25E4300F427D008EDA06 /* Project object */ = {
			isa = PBXProject;
			attributes = {
				BuildIndependentTargetsInParallel = 1;
				LastSwiftUpdateCheck = 2660;
				LastUpgradeCheck = 2660;
				TargetAttributes = {
					923C25EB300F427D008EDA06 = {
						CreatedOnToolsVersion = 26.6;
					};
				};
			};
			buildConfigurationList = 923C25E7300F427D008EDA06 /* Build configuration list for PBXProject "LandValueEstimator" */;
			developmentRegion = en;
			hasScannedForEncodings = 0;
			knownRegions = (
				en,
				Base,
			);
			mainGroup = 923C25E3300F427D008EDA06;
			minimizedProjectReferenceProxies = 1;
			preferredProjectObjectVersion = 77;
			productRefGroup = 923C25ED300F427D008EDA06 /* Products */;
			projectDirPath = "";
			projectRoot = "";
			targets = (
				923C25EB300F427D008EDA06 /* LandValueEstimator */,
			);
		};
/* End PBXProject section */

/* Begin PBXResourcesBuildPhase section */
		923C25EA300F427D008EDA06 /* Resources */ = {
			isa = PBXResourcesBuildPhase;
			buildActionMask = 2147483647;
			files = (
			);
			runOnlyForDeploymentPostprocessing = 0;
		};
/* End PBXResourcesBuildPhase section */

/* Begin PBXSourcesBuildPhase section */
		923C25E8300F427D008EDA06 /* Sources */ = {
			isa = PBXSourcesBuildPhase;
			buildActionMask = 2147483647;
			files = (
				926BC93C300FD6FE00EEC8E4 /* EstimatorFormView.swift in Sources */,
				926BC93D300FD6FE00EEC8E4 /* FeatureImportanceChartView.swift in Sources */,
				926BC93E300FD6FE00EEC8E4 /* HistoryView.swift in Sources */,
				926BC93F300FD6FE00EEC8E4 /* ResultView.swift in Sources */,
				926BC940300FD6FE00EEC8E4 /* RootTabView.swift in Sources */,
				926BC944300FD72F00EEC8E4 /* LandValueEstimatorApp.swift in Sources */,
				926BC931300FD69200EEC8E4 /* PredictionResult.swift in Sources */,
				926BC932300FD69200EEC8E4 /* PropertyInput.swift in Sources */,
				926BC933300FD69200EEC8E4 /* SavedEstimate.swift in Sources */,
				926BC934300FD69200EEC8E4 /* FeatureImportance.swift in Sources */,
				923C2604300F44D9008EDA06 /* LandValueModel.mlmodel in Sources */,
				926BC942300FD71B00EEC8E4 /* PredictionService.swift in Sources */,
				926BC936300FD6C100EEC8E4 /* EstimatorViewModel.swift in Sources */,
			);
			runOnlyForDeploymentPostprocessing = 0;
		};
/* End PBXSourcesBuildPhase section */

/* Begin XCBuildConfiguration section */
		923C25F5300F427F008EDA06 /* Debug */ = {
			isa = XCBuildConfiguration;
			buildSettings = {
				ALWAYS_SEARCH_USER_PATHS = NO;
				ASSETCATALOG_COMPILER_GENERATE_SWIFT_ASSET_SYMBOL_EXTENSIONS = YES;
				CLANG_ANALYZER_NONNULL = YES;
				CLANG_ANALYZER_NUMBER_OBJECT_CONVERSION = YES_AGGRESSIVE;
				CLANG_CXX_LANGUAGE_STANDARD = "gnu++20";
				CLANG_ENABLE_MODULES = YES;
				CLANG_ENABLE_OBJC_ARC = YES;
				CLANG_ENABLE_OBJC_WEAK = YES;
				CLANG_WARN_BLOCK_CAPTURE_AUTORELEASING = YES;
				CLANG_WARN_BOOL_CONVERSION = YES;
				CLANG_WARN_COMMA = YES;
				CLANG_WARN_CONSTANT_CONVERSION = YES;
				CLANG_WARN_DEPRECATED_OBJC_IMPLEMENTATIONS = YES;
				CLANG_WARN_DIRECT_OBJC_ISA_USAGE = YES_ERROR;
				CLANG_WARN_DOCUMENTATION_COMMENTS = YES;
				CLANG_WARN_EMPTY_BODY = YES;
				CLANG_WARN_ENUM_CONVERSION = YES;
				CLANG_WARN_INFINITE_RECURSION = YES;
				CLANG_WARN_INT_CONVERSION = YES;
				CLANG_WARN_NON_LITERAL_NULL_CONVERSION = YES;
				CLANG_WARN_OBJC_IMPLICIT_RETAIN_SELF = YES;
				CLANG_WARN_OBJC_LITERAL_CONVERSION = YES;
				CLANG_WARN_OBJC_ROOT_CLASS = YES_ERROR;
				CLANG_WARN_QUOTED_INCLUDE_IN_FRAMEWORK_HEADER = YES;
				CLANG_WARN_RANGE_LOOP_ANALYSIS = YES;
				CLANG_WARN_STRICT_PROTOTYPES = YES;
				CLANG_WARN_SUSPICIOUS_MOVE = YES;
				CLANG_WARN_UNGUARDED_AVAILABILITY = YES_AGGRESSIVE;
				CLANG_WARN_UNREACHABLE_CODE = YES;
				CLANG_WARN__DUPLICATE_METHOD_MATCH = YES;
				COPY_PHASE_STRIP = NO;
				DEBUG_INFORMATION_FORMAT = dwarf;
				ENABLE_STRICT_OBJC_MSGSEND = YES;
				ENABLE_TESTABILITY = YES;
				ENABLE_USER_SCRIPT_SANDBOXING = YES;
				GCC_C_LANGUAGE_STANDARD = gnu17;
				GCC_DYNAMIC_NO_PIC = NO;
				GCC_NO_COMMON_BLOCKS = YES;
				GCC_OPTIMIZATION_LEVEL = 0;
				GCC_PREPROCESSOR_DEFINITIONS = (
					"DEBUG=1",
					"$(inherited)",
				);
				GCC_WARN_64_TO_32_BIT_CONVERSION = YES;
				GCC_WARN_ABOUT_RETURN_TYPE = YES_ERROR;
				GCC_WARN_UNDECLARED_SELECTOR = YES;
				GCC_WARN_UNINITIALIZED_AUTOS = YES_AGGRESSIVE;
				GCC_WARN_UNUSED_FUNCTION = YES;
				GCC_WARN_UNUSED_VARIABLE = YES;
				IPHONEOS_DEPLOYMENT_TARGET = 26.5;
				LOCALIZATION_PREFERS_STRING_CATALOGS = YES;
				MTL_ENABLE_DEBUG_INFO = INCLUDE_SOURCE;
				MTL_FAST_MATH = YES;
				ONLY_ACTIVE_ARCH = YES;
				SDKROOT = iphoneos;
				SWIFT_ACTIVE_COMPILATION_CONDITIONS = "DEBUG $(inherited)";
				SWIFT_OPTIMIZATION_LEVEL = "-Onone";
			};
			name = Debug;
		};
		923C25F6300F427F008EDA06 /* Release */ = {
			isa = XCBuildConfiguration;
			buildSettings = {
				ALWAYS_SEARCH_USER_PATHS = NO;
				ASSETCATALOG_COMPILER_GENERATE_SWIFT_ASSET_SYMBOL_EXTENSIONS = YES;
				CLANG_ANALYZER_NONNULL = YES;
				CLANG_ANALYZER_NUMBER_OBJECT_CONVERSION = YES_AGGRESSIVE;
				CLANG_CXX_LANGUAGE_STANDARD = "gnu++20";
				CLANG_ENABLE_MODULES = YES;
				CLANG_ENABLE_OBJC_ARC = YES;
				CLANG_ENABLE_OBJC_WEAK = YES;
				CLANG_WARN_BLOCK_CAPTURE_AUTORELEASING = YES;
				CLANG_WARN_BOOL_CONVERSION = YES;
				CLANG_WARN_COMMA = YES;
				CLANG_WARN_CONSTANT_CONVERSION = YES;
				CLANG_WARN_DEPRECATED_OBJC_IMPLEMENTATIONS = YES;
				CLANG_WARN_DIRECT_OBJC_ISA_USAGE = YES_ERROR;
				CLANG_WARN_DOCUMENTATION_COMMENTS = YES;
				CLANG_WARN_EMPTY_BODY = YES;
				CLANG_WARN_ENUM_CONVERSION = YES;
				CLANG_WARN_INFINITE_RECURSION = YES;
				CLANG_WARN_INT_CONVERSION = YES;
				CLANG_WARN_NON_LITERAL_NULL_CONVERSION = YES;
				CLANG_WARN_OBJC_IMPLICIT_RETAIN_SELF = YES;
				CLANG_WARN_OBJC_LITERAL_CONVERSION = YES;
				CLANG_WARN_OBJC_ROOT_CLASS = YES_ERROR;
				CLANG_WARN_QUOTED_INCLUDE_IN_FRAMEWORK_HEADER = YES;
				CLANG_WARN_RANGE_LOOP_ANALYSIS = YES;
				CLANG_WARN_STRICT_PROTOTYPES = YES;
				CLANG_WARN_SUSPICIOUS_MOVE = YES;
				CLANG_WARN_UNGUARDED_AVAILABILITY = YES_AGGRESSIVE;
				CLANG_WARN_UNREACHABLE_CODE = YES;
				CLANG_WARN__DUPLICATE_METHOD_MATCH = YES;
				COPY_PHASE_STRIP = NO;
				DEBUG_INFORMATION_FORMAT = "dwarf-with-dsym";
				ENABLE_NS_ASSERTIONS = NO;
				ENABLE_STRICT_OBJC_MSGSEND = YES;
				ENABLE_USER_SCRIPT_SANDBOXING = YES;
				GCC_C_LANGUAGE_STANDARD = gnu17;
				GCC_NO_COMMON_BLOCKS = YES;
				GCC_WARN_64_TO_32_BIT_CONVERSION = YES;
				GCC_WARN_ABOUT_RETURN_TYPE = YES_ERROR;
				GCC_WARN_UNDECLARED_SELECTOR = YES;
				GCC_WARN_UNINITIALIZED_AUTOS = YES_AGGRESSIVE;
				GCC_WARN_UNUSED_FUNCTION = YES;
				GCC_WARN_UNUSED_VARIABLE = YES;
				IPHONEOS_DEPLOYMENT_TARGET = 26.5;
				LOCALIZATION_PREFERS_STRING_CATALOGS = YES;
				MTL_ENABLE_DEBUG_INFO = NO;
				MTL_FAST_MATH = YES;
				SDKROOT = iphoneos;
				SWIFT_COMPILATION_MODE = wholemodule;
				VALIDATE_PRODUCT = YES;
			};
			name = Release;
		};
		923C25F8300F427F008EDA06 /* Debug */ = {
			isa = XCBuildConfiguration;
			buildSettings = {
				ASSETCATALOG_COMPILER_APPICON_NAME = AppIcon;
				ASSETCATALOG_COMPILER_GLOBAL_ACCENT_COLOR_NAME = AccentColor;
				CODE_SIGN_STYLE = Automatic;
				CURRENT_PROJECT_VERSION = 1;
				ENABLE_PREVIEWS = YES;
				GENERATE_INFOPLIST_FILE = YES;
				INFOPLIST_KEY_LSApplicationCategoryType = "public.app-category.finance";
				INFOPLIST_KEY_UIApplicationSceneManifest_Generation = YES;
				INFOPLIST_KEY_UIApplicationSupportsIndirectInputEvents = YES;
				INFOPLIST_KEY_UILaunchScreen_Generation = YES;
				INFOPLIST_KEY_UISupportedInterfaceOrientations_iPad = "UIInterfaceOrientationPortrait UIInterfaceOrientationPortraitUpsideDown UIInterfaceOrientationLandscapeLeft UIInterfaceOrientationLandscapeRight";
				INFOPLIST_KEY_UISupportedInterfaceOrientations_iPhone = "UIInterfaceOrientationPortrait UIInterfaceOrientationLandscapeLeft UIInterfaceOrientationLandscapeRight";
				IPHONEOS_DEPLOYMENT_TARGET = 17.6;
				LD_RUNPATH_SEARCH_PATHS = (
					"$(inherited)",
					"@executable_path/Frameworks",
				);
				MARKETING_VERSION = 1.0;
				PRODUCT_BUNDLE_IDENTIFIER = com.aerodia.LandValueEstimator;
				PRODUCT_NAME = "$(TARGET_NAME)";
				STRING_CATALOG_GENERATE_SYMBOLS = YES;
				SWIFT_APPROACHABLE_CONCURRENCY = YES;
				SWIFT_DEFAULT_ACTOR_ISOLATION = MainActor;
				SWIFT_EMIT_LOC_STRINGS = YES;
				SWIFT_UPCOMING_FEATURE_MEMBER_IMPORT_VISIBILITY = YES;
				SWIFT_VERSION = 5.0;
				TARGETED_DEVICE_FAMILY = "1,2";
			};
			name = Debug;
		};
		923C25F9300F427F008EDA06 /* Release */ = {
			isa = XCBuildConfiguration;
			buildSettings = {
				ASSETCATALOG_COMPILER_APPICON_NAME = AppIcon;
				ASSETCATALOG_COMPILER_GLOBAL_ACCENT_COLOR_NAME = AccentColor;
				CODE_SIGN_STYLE = Automatic;
				CURRENT_PROJECT_VERSION = 1;
				ENABLE_PREVIEWS = YES;
				GENERATE_INFOPLIST_FILE = YES;
				INFOPLIST_KEY_LSApplicationCategoryType = "public.app-category.finance";
				INFOPLIST_KEY_UIApplicationSceneManifest_Generation = YES;
				INFOPLIST_KEY_UIApplicationSupportsIndirectInputEvents = YES;
				INFOPLIST_KEY_UILaunchScreen_Generation = YES;
				INFOPLIST_KEY_UISupportedInterfaceOrientations_iPad = "UIInterfaceOrientationPortrait UIInterfaceOrientationPortraitUpsideDown UIInterfaceOrientationLandscapeLeft UIInterfaceOrientationLandscapeRight";
				INFOPLIST_KEY_UISupportedInterfaceOrientations_iPhone = "UIInterfaceOrientationPortrait UIInterfaceOrientationLandscapeLeft UIInterfaceOrientationLandscapeRight";
				IPHONEOS_DEPLOYMENT_TARGET = 17.6;
				LD_RUNPATH_SEARCH_PATHS = (
					"$(inherited)",
					"@executable_path/Frameworks",
				);
				MARKETING_VERSION = 1.0;
				PRODUCT_BUNDLE_IDENTIFIER = com.aerodia.LandValueEstimator;
				PRODUCT_NAME = "$(TARGET_NAME)";
				STRING_CATALOG_GENERATE_SYMBOLS = YES;
				SWIFT_APPROACHABLE_CONCURRENCY = YES;
				SWIFT_DEFAULT_ACTOR_ISOLATION = MainActor;
				SWIFT_EMIT_LOC_STRINGS = YES;
				SWIFT_UPCOMING_FEATURE_MEMBER_IMPORT_VISIBILITY = YES;
				SWIFT_VERSION = 5.0;
				TARGETED_DEVICE_FAMILY = "1,2";
			};
			name = Release;
		};
/* End XCBuildConfiguration section */

/* Begin XCConfigurationList section */
		923C25E7300F427D008EDA06 /* Build configuration list for PBXProject "LandValueEstimator" */ = {
			isa = XCConfigurationList;
			buildConfigurations = (
				923C25F5300F427F008EDA06 /* Debug */,
				923C25F6300F427F008EDA06 /* Release */,
			);
			defaultConfigurationIsVisible = 0;
			defaultConfigurationName = Release;
		};
		923C25F7300F427F008EDA06 /* Build configuration list for PBXNativeTarget "LandValueEstimator" */ = {
			isa = XCConfigurationList;
			buildConfigurations = (
				923C25F8300F427F008EDA06 /* Debug */,
				923C25F9300F427F008EDA06 /* Release */,
			);
			defaultConfigurationIsVisible = 0;
			defaultConfigurationName = Release;
		};
/* End XCConfigurationList section */
	};
	rootObject = 923C25E4300F427D008EDA06 /* Project object */;
}
